PODS:
  - CryptoSwift (1.4.1)
  - libed25519.ios (1.0.0)
  - libsecp256k1.ios (1.0.4)

DEPENDENCIES:
  - CryptoSwift
  - libed25519.ios
  - libsecp256k1.ios

SPEC REPOS:
  trunk:
    - CryptoSwift
    - libed25519.ios
    - libsecp256k1.ios

SPEC CHECKSUMS:
  CryptoSwift: 0bc800a7e6a24c4fc9ebeab97d44b0d5f73a78bd
  libed25519.ios: a424fb2d03d7afdfe62609dd874ec0eea0e54711
  libsecp256k1.ios: 5c4e0b4f7471441fb3d03089350b01a0bfe637ca

PODFILE CHECKSUM: 10a8cc1399429aa535c01aae8bad5da30b85dcab

COCOAPODS: 1.10.1
